
Microsoft Visual Studio Solution File, Format Version 12.00
# Visual Studio Version 17
VisualStudioVersion = 17.0.31912.275
MinimumVisualStudioVersion = 10.0.40219.1
Project("{FAE04EC0-301F-11D3-BF4B-00C04F79EFBC}") = "ZD82UV_HFT_2022232.Client", "ZD82UV_HFT_2022232.Client\ZD82UV_HFT_2022232.Client.csproj", "{2410D49D-51D5-4D95-BA90-49B3F5EFC636}"
EndProject
Project("{FAE04EC0-301F-11D3-BF4B-00C04F79EFBC}") = "ZD82UV_HFT_2022232.Models", "ZD82UV_HFT_2022232.Models\ZD82UV_HFT_2022232.Models.csproj", "{6FC1BD4F-1D02-4CE5-AFF5-76A29FFCA12E}"
EndProject
Project("{FAE04EC0-301F-11D3-BF4B-00C04F79EFBC}") = "ZD82UV_HFT_2022232.Logic", "ZD82UV_HFT_2022232.Logic\ZD82UV_HFT_2022232.Logic.csproj", "{34697E07-7AF0-4625-BCFB-BD7CACB3BE41}"
EndProject
Global
	GlobalSection(SolutionConfigurationPlatforms) = preSolution
		Debug|Any CPU = Debug|Any CPU
		Release|Any CPU = Release|Any CPU
	EndGlobalSection
	GlobalSection(ProjectConfigurationPlatforms) = postSolution
		{2410D49D-51D5-4D95-BA90-49B3F5EFC636}.Debug|Any CPU.ActiveCfg = Debug|Any CPU
		{2410D49D-51D5-4D95-BA90-49B3F5EFC636}.Debug|Any CPU.Build.0 = Debug|Any CPU
		{2410D49D-51D5-4D95-BA90-49B3F5EFC636}.Release|Any CPU.ActiveCfg = Release|Any CPU
		{2410D49D-51D5-4D95-BA90-49B3F5EFC636}.Release|Any CPU.Build.0 = Release|Any CPU
		{6FC1BD4F-1D02-4CE5-AFF5-76A29FFCA12E}.Debug|Any CPU.ActiveCfg = Debug|Any CPU
		{6FC1BD4F-1D02-4CE5-AFF5-76A29FFCA12E}.Debug|Any CPU.Build.0 = Debug|Any CPU
		{6FC1BD4F-1D02-4CE5-AFF5-76A29FFCA12E}.Release|Any CPU.ActiveCfg = Release|Any CPU
		{6FC1BD4F-1D02-4CE5-AFF5-76A29FFCA12E}.Release|Any CPU.Build.0 = Release|Any CPU
		{34697E07-7AF0-4625-BCFB-BD7CACB3BE41}.Debug|Any CPU.ActiveCfg = Debug|Any CPU
		{34697E07-7AF0-4625-BCFB-BD7CACB3BE41}.Debug|Any CPU.Build.0 = Debug|Any CPU
		{34697E07-7AF0-4625-BCFB-BD7CACB3BE41}.Release|Any CPU.ActiveCfg = Release|Any CPU
		{34697E07-7AF0-4625-BCFB-BD7CACB3BE41}.Release|Any CPU.Build.0 = Release|Any CPU
	EndGlobalSection
	GlobalSection(SolutionProperties) = preSolution
		HideSolutionNode = FALSE
	EndGlobalSection
	GlobalSection(ExtensibilityGlobals) = postSolution
		SolutionGuid = {77336E26-0552-4A0F-90E1-C2E86FBB8E32}
	EndGlobalSection
EndGlobal
